
Microsoft Visual Studio Solution File, Format Version 12.00
# Visual Studio Version 17
VisualStudioVersion = 17.9.34728.123
MinimumVisualStudioVersion = 10.0.40219.1
Project("{9A19103F-16F7-4668-BE54-9A1E7A4F7556}") = "SeleniumTests", "SeleniumTests\SeleniumTests.csproj", "{A7AF68B3-CA7A-4BCD-A763-FE9BE48D6EBA}"
EndProject
Project("{FAE04EC0-301F-11D3-BF4B-00C04F79EFBC}") = "IntegrationTests", "IntegrationTests\IntegrationTests.csproj", "{8FF2CF8A-AEB0-4BC9-8AF9-9FA1CBAF53B3}"
EndProject
Global
	GlobalSection(SolutionConfigurationPlatforms) = preSolution
		Debug|Any CPU = Debug|Any CPU
		Release|Any CPU = Release|Any CPU
	EndGlobalSection
	GlobalSection(ProjectConfigurationPlatforms) = postSolution
		{A7AF68B3-CA7A-4BCD-A763-FE9BE48D6EBA}.Debug|Any CPU.ActiveCfg = Debug|Any CPU
		{A7AF68B3-CA7A-4BCD-A763-FE9BE48D6EBA}.Debug|Any CPU.Build.0 = Debug|Any CPU
		{A7AF68B3-CA7A-4BCD-A763-FE9BE48D6EBA}.Release|Any CPU.ActiveCfg = Release|Any CPU
		{A7AF68B3-CA7A-4BCD-A763-FE9BE48D6EBA}.Release|Any CPU.Build.0 = Release|Any CPU
		{8FF2CF8A-AEB0-4BC9-8AF9-9FA1CBAF53B3}.Debug|Any CPU.ActiveCfg = Debug|Any CPU
		{8FF2CF8A-AEB0-4BC9-8AF9-9FA1CBAF53B3}.Debug|Any CPU.Build.0 = Debug|Any CPU
		{8FF2CF8A-AEB0-4BC9-8AF9-9FA1CBAF53B3}.Release|Any CPU.ActiveCfg = Release|Any CPU
		{8FF2CF8A-AEB0-4BC9-8AF9-9FA1CBAF53B3}.Release|Any CPU.Build.0 = Release|Any CPU
	EndGlobalSection
	GlobalSection(SolutionProperties) = preSolution
		HideSolutionNode = FALSE
	EndGlobalSection
	GlobalSection(ExtensibilityGlobals) = postSolution
		SolutionGuid = {8BD8DCE2-F7A3-4795-946E-815D4A27C5BB}
	EndGlobalSection
EndGlobal
